// !$*UTF8*$!
{
	archiveVersion = 1;
	classes = {
	};
	objectVersion = 77;
	objects = {

/* Begin PBXBuildFile section */
		A74D6F532DBBD14F00BD7370 /* Intents.framework in Frameworks */ = {isa = PBXBuildFile; fileRef = A74D6F522DBBD14F00BD7370 /* Intents.framework */; };
		A74D6F5E2DBBD15000BD7370 /* IntentsUI.framework in Frameworks */ = {isa = PBXBuildFile; fileRef = A74D6F5D2DBBD15000BD7370 /* IntentsUI.framework */; };
		A74D6F682DBBD15000BD7370 /* CreateAppointmentIntentUI.appex in Embed Foundation Extensions */ = {isa = PBXBuildFile; fileRef = A74D6F5C2DBBD15000BD7370 /* CreateAppointmentIntentUI.appex */; settings = {ATTRIBUTES = (RemoveHeadersOnCopy, ); }; };
		A74D6F6B2DBBD15000BD7370 /* CreateAppointmentIntent.appex in Embed Foundation Extensions */ = {isa = PBXBuildFile; fileRef = A74D6F502DBBD14F00BD7370 /* CreateAppointmentIntent.appex */; settings = {ATTRIBUTES = (RemoveHeadersOnCopy, ); }; };
/* End PBXBuildFile section */

/* Begin PBXContainerItemProxy section */
		A74D6F662DBBD15000BD7370 /* PBXContainerItemProxy */ = {
			isa = PBXContainerItemProxy;
			containerPortal = A7179E012DAE236A006A3B56 /* Project object */;
			proxyType = 1;
			remoteGlobalIDString = A74D6F5B2DBBD15000BD7370;
			remoteInfo = CreateAppointmentIntentUI;
		};
		A74D6F692DBBD15000BD7370 /* PBXContainerItemProxy */ = {
			isa = PBXContainerItemProxy;
			containerPortal = A7179E012DAE236A006A3B56 /* Project object */;
			proxyType = 1;
			remoteGlobalIDString = A74D6F4F2DBBD14F00BD7370;
			remoteInfo = CreateAppointmentIntent;
		};
		A7A8DCD02DBC117E00248789 /* PBXContainerItemProxy */ = {
			isa = PBXContainerItemProxy;
			containerPortal = A7179E012DAE236A006A3B56 /* Project object */;
			proxyType = 1;
			remoteGlobalIDString = A7179E082DAE236A006A3B56;
			remoteInfo = CardioCompanionApp;
		};
/* End PBXContainerItemProxy section */

/* Begin PBXCopyFilesBuildPhase section */
		A74D6F402DBBCAF700BD7370 /* Embed Foundation Extensions */ = {
			isa = PBXCopyFilesBuildPhase;
			buildActionMask = 2147483647;
			dstPath = "";
			dstSubfolderSpec = 13;
			files = (
				A74D6F682DBBD15000BD7370 /* CreateAppointmentIntentUI.appex in Embed Foundation Extensions */,
				A74D6F6B2DBBD15000BD7370 /* CreateAppointmentIntent.appex in Embed Foundation Extensions */,
			);
			name = "Embed Foundation Extensions";
			runOnlyForDeploymentPostprocessing = 0;
		};
/* End PBXCopyFilesBuildPhase section */

/* Begin PBXFileReference section */
		A7179E092DAE236A006A3B56 /* CardioCompanionApp.app */ = {isa = PBXFileReference; explicitFileType = wrapper.application; includeInIndex = 0; path = CardioCompanionApp.app; sourceTree = BUILT_PRODUCTS_DIR; };
		A74D6F502DBBD14F00BD7370 /* CreateAppointmentIntent.appex */ = {isa = PBXFileReference; explicitFileType = "wrapper.app-extension"; includeInIndex = 0; path = CreateAppointmentIntent.appex; sourceTree = BUILT_PRODUCTS_DIR; };
		A74D6F522DBBD14F00BD7370 /* Intents.framework */ = {isa = PBXFileReference; lastKnownFileType = wrapper.framework; name = Intents.framework; path = System/Library/Frameworks/Intents.framework; sourceTree = SDKROOT; };
		A74D6F5C2DBBD15000BD7370 /* CreateAppointmentIntentUI.appex */ = {isa = PBXFileReference; explicitFileType = "wrapper.app-extension"; includeInIndex = 0; path = CreateAppointmentIntentUI.appex; sourceTree = BUILT_PRODUCTS_DIR; };
		A74D6F5D2DBBD15000BD7370 /* IntentsUI.framework */ = {isa = PBXFileReference; lastKnownFileType = wrapper.framework; name = IntentsUI.framework; path = System/Library/Frameworks/IntentsUI.framework; sourceTree = SDKROOT; };
		A7A8DCCC2DBC117E00248789 /* CardioCompanionAppTests.xctest */ = {isa = PBXFileReference; explicitFileType = wrapper.cfbundle; includeInIndex = 0; path = CardioCompanionAppTests.xctest; sourceTree = BUILT_PRODUCTS_DIR; };
/* End PBXFileReference section */

/* Begin PBXFileSystemSynchronizedBuildFileExceptionSet section */
		A74D6E1C2DBB4ADA00BD7370 /* Exceptions for "CardioCompanionApp" folder in "CardioCompanionApp" target */ = {
			isa = PBXFileSystemSynchronizedBuildFileExceptionSet;
			membershipExceptions = (
				Info.plist,
			);
			target = A7179E082DAE236A006A3B56 /* CardioCompanionApp */;
		};
		A74D6F6F2DBBD15000BD7370 /* Exceptions for "CreateAppointmentIntentUI" folder in "CreateAppointmentIntentUI" target */ = {
			isa = PBXFileSystemSynchronizedBuildFileExceptionSet;
			membershipExceptions = (
				Info.plist,
			);
			target = A74D6F5B2DBBD15000BD7370 /* CreateAppointmentIntentUI */;
		};
		A74D6F732DBBD15000BD7370 /* Exceptions for "CreateAppointmentIntent" folder in "CreateAppointmentIntent" target */ = {
			isa = PBXFileSystemSynchronizedBuildFileExceptionSet;
			membershipExceptions = (
				Info.plist,
			);
			target = A74D6F4F2DBBD14F00BD7370 /* CreateAppointmentIntent */;
		};
		A74D6F7A2DBBD32A00BD7370 /* Exceptions for "CardioCompanionApp" folder in "CreateAppointmentIntent" target */ = {
			isa = PBXFileSystemSynchronizedBuildFileExceptionSet;
			membershipExceptions = (
				CardioCompanionApp.xcdatamodeld,
				Intents.intentdefinition,
				"Launch Screen.storyboard",
			);
			target = A74D6F4F2DBBD14F00BD7370 /* CreateAppointmentIntent */;
		};
		A74D6F7B2DBBD32A00BD7370 /* Exceptions for "CardioCompanionApp" folder in "CreateAppointmentIntentUI" target */ = {
			isa = PBXFileSystemSynchronizedBuildFileExceptionSet;
			membershipExceptions = (
				CardioCompanionApp.xcdatamodeld,
				Intents.intentdefinition,
				"Launch Screen.storyboard",
			);
			target = A74D6F5B2DBBD15000BD7370 /* CreateAppointmentIntentUI */;
		};
/* End PBXFileSystemSynchronizedBuildFileExceptionSet section */

/* Begin PBXFileSystemSynchronizedRootGroup section */
		A7179E0B2DAE236A006A3B56 /* CardioCompanionApp */ = {
			isa = PBXFileSystemSynchronizedRootGroup;
			exceptions = (
				A74D6E1C2DBB4ADA00BD7370 /* Exceptions for "CardioCompanionApp" folder in "CardioCompanionApp" target */,
				A74D6F7A2DBBD32A00BD7370 /* Exceptions for "CardioCompanionApp" folder in "CreateAppointmentIntent" target */,
				A74D6F7B2DBBD32A00BD7370 /* Exceptions for "CardioCompanionApp" folder in "CreateAppointmentIntentUI" target */,
			);
			path = CardioCompanionApp;
			sourceTree = "<group>";
		};
		A74D6F542DBBD14F00BD7370 /* CreateAppointmentIntent */ = {
			isa = PBXFileSystemSynchronizedRootGroup;
			exceptions = (
				A74D6F732DBBD15000BD7370 /* Exceptions for "CreateAppointmentIntent" folder in "CreateAppointmentIntent" target */,
			);
			path = CreateAppointmentIntent;
			sourceTree = "<group>";
		};
		A74D6F5F2DBBD15000BD7370 /* CreateAppointmentIntentUI */ = {
			isa = PBXFileSystemSynchronizedRootGroup;
			exceptions = (
				A74D6F6F2DBBD15000BD7370 /* Exceptions for "CreateAppointmentIntentUI" folder in "CreateAppointmentIntentUI" target */,
			);
			path = CreateAppointmentIntentUI;
			sourceTree = "<group>";
		};
		A7A8DCCD2DBC117E00248789 /* CardioCompanionAppTests */ = {
			isa = PBXFileSystemSynchronizedRootGroup;
			path = CardioCompanionAppTests;
			sourceTree = "<group>";
		};
/* End PBXFileSystemSynchronizedRootGroup section */

/* Begin PBXFrameworksBuildPhase section */
		A7179E062DAE236A006A3B56 /* Frameworks */ = {
			isa = PBXFrameworksBuildPhase;
			buildActionMask = 2147483647;
			files = (
			);
			runOnlyForDeploymentPostprocessing = 0;
		};
		A74D6F4D2DBBD14F00BD7370 /* Frameworks */ = {
			isa = PBXFrameworksBuildPhase;
			buildActionMask = 2147483647;
			files = (
				A74D6F532DBBD14F00BD7370 /* Intents.framework in Frameworks */,
			);
			runOnlyForDeploymentPostprocessing = 0;
		};
		A74D6F592DBBD15000BD7370 /* Frameworks */ = {
			isa = PBXFrameworksBuildPhase;
			buildActionMask = 2147483647;
			files = (
				A74D6F5E2DBBD15000BD7370 /* IntentsUI.framework in Frameworks */,
			);
			runOnlyForDeploymentPostprocessing = 0;
		};
		A7A8DCC92DBC117E00248789 /* Frameworks */ = {
			isa = PBXFrameworksBuildPhase;
			buildActionMask = 2147483647;
			files = (
			);
			runOnlyForDeploymentPostprocessing = 0;
		};
/* End PBXFrameworksBuildPhase section */

/* Begin PBXGroup section */
		A7179E002DAE236A006A3B56 = {
			isa = PBXGroup;
			children = (
				A7179E0B2DAE236A006A3B56 /* CardioCompanionApp */,
				A74D6F542DBBD14F00BD7370 /* CreateAppointmentIntent */,
				A74D6F5F2DBBD15000BD7370 /* CreateAppointmentIntentUI */,
				A7A8DCCD2DBC117E00248789 /* CardioCompanionAppTests */,
				A74D6F512DBBD14F00BD7370 /* Frameworks */,
				A7179E0A2DAE236A006A3B56 /* Products */,
			);
			sourceTree = "<group>";
		};
		A7179E0A2DAE236A006A3B56 /* Products */ = {
			isa = PBXGroup;
			children = (
				A7179E092DAE236A006A3B56 /* CardioCompanionApp.app */,
				A74D6F502DBBD14F00BD7370 /* CreateAppointmentIntent.appex */,
				A74D6F5C2DBBD15000BD7370 /* CreateAppointmentIntentUI.appex */,
				A7A8DCCC2DBC117E00248789 /* CardioCompanionAppTests.xctest */,
			);
			name = Products;
			sourceTree = "<group>";
		};
		A74D6F512DBBD14F00BD7370 /* Frameworks */ = {
			isa = PBXGroup;
			children = (
				A74D6F522DBBD14F00BD7370 /* Intents.framework */,
				A74D6F5D2DBBD15000BD7370 /* IntentsUI.framework */,
			);
			name = Frameworks;
			sourceTree = "<group>";
		};
/* End PBXGroup section */

/* Begin PBXNativeTarget section */
		A7179E082DAE236A006A3B56 /* CardioCompanionApp */ = {
			isa = PBXNativeTarget;
			buildConfigurationList = A7179E1C2DAE236D006A3B56 /* Build configuration list for PBXNativeTarget "CardioCompanionApp" */;
			buildPhases = (
				A7179E052DAE236A006A3B56 /* Sources */,
				A7179E062DAE236A006A3B56 /* Frameworks */,
				A7179E072DAE236A006A3B56 /* Resources */,
				A74D6F402DBBCAF700BD7370 /* Embed Foundation Extensions */,
			);
			buildRules = (
			);
			dependencies = (
				A74D6F672DBBD15000BD7370 /* PBXTargetDependency */,
				A74D6F6A2DBBD15000BD7370 /* PBXTargetDependency */,
			);
			fileSystemSynchronizedGroups = (
				A7179E0B2DAE236A006A3B56 /* CardioCompanionApp */,
			);
			name = CardioCompanionApp;
			packageProductDependencies = (
			);
			productName = CardioCompanionApp;
			productReference = A7179E092DAE236A006A3B56 /* CardioCompanionApp.app */;
			productType = "com.apple.product-type.application";
		};
		A74D6F4F2DBBD14F00BD7370 /* CreateAppointmentIntent */ = {
			isa = PBXNativeTarget;
			buildConfigurationList = A74D6F702DBBD15000BD7370 /* Build configuration list for PBXNativeTarget "CreateAppointmentIntent" */;
			buildPhases = (
				A74D6F4C2DBBD14F00BD7370 /* Sources */,
				A74D6F4D2DBBD14F00BD7370 /* Frameworks */,
				A74D6F4E2DBBD14F00BD7370 /* Resources */,
			);
			buildRules = (
			);
			dependencies = (
			);
			fileSystemSynchronizedGroups = (
				A74D6F542DBBD14F00BD7370 /* CreateAppointmentIntent */,
			);
			name = CreateAppointmentIntent;
			packageProductDependencies = (
			);
			productName = CreateAppointmentIntent;
			productReference = A74D6F502DBBD14F00BD7370 /* CreateAppointmentIntent.appex */;
			productType = "com.apple.product-type.app-extension";
		};
		A74D6F5B2DBBD15000BD7370 /* CreateAppointmentIntentUI */ = {
			isa = PBXNativeTarget;
			buildConfigurationList = A74D6F6C2DBBD15000BD7370 /* Build configuration list for PBXNativeTarget "CreateAppointmentIntentUI" */;
			buildPhases = (
				A74D6F582DBBD15000BD7370 /* Sources */,
				A74D6F592DBBD15000BD7370 /* Frameworks */,
				A74D6F5A2DBBD15000BD7370 /* Resources */,
			);
			buildRules = (
			);
			dependencies = (
			);
			fileSystemSynchronizedGroups = (
				A74D6F5F2DBBD15000BD7370 /* CreateAppointmentIntentUI */,
			);
			name = CreateAppointmentIntentUI;
			packageProductDependencies = (
			);
			productName = CreateAppointmentIntentUI;
			productReference = A74D6F5C2DBBD15000BD7370 /* CreateAppointmentIntentUI.appex */;
			productType = "com.apple.product-type.app-extension";
		};
		A7A8DCCB2DBC117E00248789 /* CardioCompanionAppTests */ = {
			isa = PBXNativeTarget;
			buildConfigurationList = A7A8DCD22DBC117E00248789 /* Build configuration list for PBXNativeTarget "CardioCompanionAppTests" */;
			buildPhases = (
				A7A8DCC82DBC117E00248789 /* Sources */,
				A7A8DCC92DBC117E00248789 /* Frameworks */,
				A7A8DCCA2DBC117E00248789 /* Resources */,
			);
			buildRules = (
			);
			dependencies = (
				A7A8DCD12DBC117E00248789 /* PBXTargetDependency */,
			);
			fileSystemSynchronizedGroups = (
				A7A8DCCD2DBC117E00248789 /* CardioCompanionAppTests */,
			);
			name = CardioCompanionAppTests;
			packageProductDependencies = (
			);
			productName = CardioCompanionAppTests;
			productReference = A7A8DCCC2DBC117E00248789 /* CardioCompanionAppTests.xctest */;
			productType = "com.apple.product-type.bundle.unit-test";
		};
/* End PBXNativeTarget section */

/* Begin PBXProject section */
		A7179E012DAE236A006A3B56 /* Project object */ = {
			isa = PBXProject;
			attributes = {
				BuildIndependentTargetsInParallel = 1;
				LastSwiftUpdateCheck = 1610;
				LastUpgradeCheck = 1610;
				TargetAttributes = {
					A7179E082DAE236A006A3B56 = {
						CreatedOnToolsVersion = 16.1;
					};
					A74D6F4F2DBBD14F00BD7370 = {
						CreatedOnToolsVersion = 16.1;
					};
					A74D6F5B2DBBD15000BD7370 = {
						CreatedOnToolsVersion = 16.1;
					};
					A7A8DCCB2DBC117E00248789 = {
						CreatedOnToolsVersion = 16.1;
						TestTargetID = A7179E082DAE236A006A3B56;
					};
				};
			};
			buildConfigurationList = A7179E042DAE236A006A3B56 /* Build configuration list for PBXProject "CardioCompanionApp" */;
			developmentRegion = en;
			hasScannedForEncodings = 0;
			knownRegions = (
				en,
				Base,
			);
			mainGroup = A7179E002DAE236A006A3B56;
			minimizedProjectReferenceProxies = 1;
			preferredProjectObjectVersion = 77;
			productRefGroup = A7179E0A2DAE236A006A3B56 /* Products */;
			projectDirPath = "";
			projectRoot = "";
			targets = (
				A7179E082DAE236A006A3B56 /* CardioCompanionApp */,
				A74D6F4F2DBBD14F00BD7370 /* CreateAppointmentIntent */,
				A74D6F5B2DBBD15000BD7370 /* CreateAppointmentIntentUI */,
				A7A8DCCB2DBC117E00248789 /* CardioCompanionAppTests */,
			);
		};
/* End PBXProject section */

/* Begin PBXResourcesBuildPhase section */
		A7179E072DAE236A006A3B56 /* Resources */ = {
			isa = PBXResourcesBuildPhase;
			buildActionMask = 2147483647;
			files = (
			);
			runOnlyForDeploymentPostprocessing = 0;
		};
		A74D6F4E2DBBD14F00BD7370 /* Resources */ = {
			isa = PBXResourcesBuildPhase;
			buildActionMask = 2147483647;
			files = (
			);
			runOnlyForDeploymentPostprocessing = 0;
		};
		A74D6F5A2DBBD15000BD7370 /* Resources */ = {
			isa = PBXResourcesBuildPhase;
			buildActionMask = 2147483647;
			files = (
			);
			runOnlyForDeploymentPostprocessing = 0;
		};
		A7A8DCCA2DBC117E00248789 /* Resources */ = {
			isa = PBXResourcesBuildPhase;
			buildActionMask = 2147483647;
			files = (
			);
			runOnlyForDeploymentPostprocessing = 0;
		};
/* End PBXResourcesBuildPhase section */

/* Begin PBXSourcesBuildPhase section */
		A7179E052DAE236A006A3B56 /* Sources */ = {
			isa = PBXSourcesBuildPhase;
			buildActionMask = 2147483647;
			files = (
			);
			runOnlyForDeploymentPostprocessing = 0;
		};
		A74D6F4C2DBBD14F00BD7370 /* Sources */ = {
			isa = PBXSourcesBuildPhase;
			buildActionMask = 2147483647;
			files = (
			);
			runOnlyForDeploymentPostprocessing = 0;
		};
		A74D6F582DBBD15000BD7370 /* Sources */ = {
			isa = PBXSourcesBuildPhase;
			buildActionMask = 2147483647;
			files = (
			);
			runOnlyForDeploymentPostprocessing = 0;
		};
		A7A8DCC82DBC117E00248789 /* Sources */ = {
			isa = PBXSourcesBuildPhase;
			buildActionMask = 2147483647;
			files = (
			);
			runOnlyForDeploymentPostprocessing = 0;
		};
/* End PBXSourcesBuildPhase section */

/* Begin PBXTargetDependency section */
		A74D6F672DBBD15000BD7370 /* PBXTargetDependency */ = {
			isa = PBXTargetDependency;
			target = A74D6F5B2DBBD15000BD7370 /* CreateAppointmentIntentUI */;
			targetProxy = A74D6F662DBBD15000BD7370 /* PBXContainerItemProxy */;
		};
		A74D6F6A2DBBD15000BD7370 /* PBXTargetDependency */ = {
			isa = PBXTargetDependency;
			target = A74D6F4F2DBBD14F00BD7370 /* CreateAppointmentIntent */;
			targetProxy = A74D6F692DBBD15000BD7370 /* PBXContainerItemProxy */;
		};
		A7A8DCD12DBC117E00248789 /* PBXTargetDependency */ = {
			isa = PBXTargetDependency;
			target = A7179E082DAE236A006A3B56 /* CardioCompanionApp */;
			targetProxy = A7A8DCD02DBC117E00248789 /* PBXContainerItemProxy */;
		};
/* End PBXTargetDependency section */

/* Begin XCBuildConfiguration section */
		A7179E1A2DAE236D006A3B56 /* Debug */ = {
			isa = XCBuildConfiguration;
			buildSettings = {
				ALWAYS_SEARCH_USER_PATHS = NO;
				ASSETCATALOG_COMPILER_GENERATE_SWIFT_ASSET_SYMBOL_EXTENSIONS = YES;
				CLANG_ANALYZER_NONNULL = YES;
				CLANG_ANALYZER_NUMBER_OBJECT_CONVERSION = YES_AGGRESSIVE;
				CLANG_CXX_LANGUAGE_STANDARD = "gnu++20";
				CLANG_ENABLE_MODULES = YES;
				CLANG_ENABLE_OBJC_ARC = YES;
				CLANG_ENABLE_OBJC_WEAK = YES;
				CLANG_WARN_BLOCK_CAPTURE_AUTORELEASING = YES;
				CLANG_WARN_BOOL_CONVERSION = YES;
				CLANG_WARN_COMMA = YES;
				CLANG_WARN_CONSTANT_CONVERSION = YES;
				CLANG_WARN_DEPRECATED_OBJC_IMPLEMENTATIONS = YES;
				CLANG_WARN_DIRECT_OBJC_ISA_USAGE = YES_ERROR;
				CLANG_WARN_DOCUMENTATION_COMMENTS = YES;
				CLANG_WARN_EMPTY_BODY = YES;
				CLANG_WARN_ENUM_CONVERSION = YES;
				CLANG_WARN_INFINITE_RECURSION = YES;
				CLANG_WARN_INT_CONVERSION = YES;
				CLANG_WARN_NON_LITERAL_NULL_CONVERSION = YES;
				CLANG_WARN_OBJC_IMPLICIT_RETAIN_SELF = YES;
				CLANG_WARN_OBJC_LITERAL_CONVERSION = YES;
				CLANG_WARN_OBJC_ROOT_CLASS = YES_ERROR;
				CLANG_WARN_QUOTED_INCLUDE_IN_FRAMEWORK_HEADER = YES;
				CLANG_WARN_RANGE_LOOP_ANALYSIS = YES;
				CLANG_WARN_STRICT_PROTOTYPES = YES;
				CLANG_WARN_SUSPICIOUS_MOVE = YES;
				CLANG_WARN_UNGUARDED_AVAILABILITY = YES_AGGRESSIVE;
				CLANG_WARN_UNREACHABLE_CODE = YES;
				CLANG_WARN__DUPLICATE_METHOD_MATCH = YES;
				COPY_PHASE_STRIP = NO;
				DEBUG_INFORMATION_FORMAT = dwarf;
				ENABLE_STRICT_OBJC_MSGSEND = YES;
				ENABLE_TESTABILITY = YES;
				ENABLE_USER_SCRIPT_SANDBOXING = YES;
				GCC_C_LANGUAGE_STANDARD = gnu17;
				GCC_DYNAMIC_NO_PIC = NO;
				GCC_NO_COMMON_BLOCKS = YES;
				GCC_OPTIMIZATION_LEVEL = 0;
				GCC_PREPROCESSOR_DEFINITIONS = (
					"DEBUG=1",
					"$(inherited)",
				);
				GCC_WARN_64_TO_32_BIT_CONVERSION = YES;
				GCC_WARN_ABOUT_RETURN_TYPE = YES_ERROR;
				GCC_WARN_UNDECLARED_SELECTOR = YES;
				GCC_WARN_UNINITIALIZED_AUTOS = YES_AGGRESSIVE;
				GCC_WARN_UNUSED_FUNCTION = YES;
				GCC_WARN_UNUSED_VARIABLE = YES;
				IPHONEOS_DEPLOYMENT_TARGET = 18.1;
				LOCALIZATION_PREFERS_STRING_CATALOGS = YES;
				MTL_ENABLE_DEBUG_INFO = INCLUDE_SOURCE;
				MTL_FAST_MATH = YES;
				ONLY_ACTIVE_ARCH = YES;
				SDKROOT = iphoneos;
				SWIFT_ACTIVE_COMPILATION_CONDITIONS = "DEBUG $(inherited)";
				SWIFT_OPTIMIZATION_LEVEL = "-Onone";
			};
			name = Debug;
		};
		A7179E1B2DAE236D006A3B56 /* Release */ = {
			isa = XCBuildConfiguration;
			buildSettings = {
				ALWAYS_SEARCH_USER_PATHS = NO;
				ASSETCATALOG_COMPILER_GENERATE_SWIFT_ASSET_SYMBOL_EXTENSIONS = YES;
				CLANG_ANALYZER_NONNULL = YES;
				CLANG_ANALYZER_NUMBER_OBJECT_CONVERSION = YES_AGGRESSIVE;
				CLANG_CXX_LANGUAGE_STANDARD = "gnu++20";
				CLANG_ENABLE_MODULES = YES;
				CLANG_ENABLE_OBJC_ARC = YES;
				CLANG_ENABLE_OBJC_WEAK = YES;
				CLANG_WARN_BLOCK_CAPTURE_AUTORELEASING = YES;
				CLANG_WARN_BOOL_CONVERSION = YES;
				CLANG_WARN_COMMA = YES;
				CLANG_WARN_CONSTANT_CONVERSION = YES;
				CLANG_WARN_DEPRECATED_OBJC_IMPLEMENTATIONS = YES;
				CLANG_WARN_DIRECT_OBJC_ISA_USAGE = YES_ERROR;
				CLANG_WARN_DOCUMENTATION_COMMENTS = YES;
				CLANG_WARN_EMPTY_BODY = YES;
				CLANG_WARN_ENUM_CONVERSION = YES;
				CLANG_WARN_INFINITE_RECURSION = YES;
				CLANG_WARN_INT_CONVERSION = YES;
				CLANG_WARN_NON_LITERAL_NULL_CONVERSION = YES;
				CLANG_WARN_OBJC_IMPLICIT_RETAIN_SELF = YES;
				CLANG_WARN_OBJC_LITERAL_CONVERSION = YES;
				CLANG_WARN_OBJC_ROOT_CLASS = YES_ERROR;
				CLANG_WARN_QUOTED_INCLUDE_IN_FRAMEWORK_HEADER = YES;
				CLANG_WARN_RANGE_LOOP_ANALYSIS = YES;
				CLANG_WARN_STRICT_PROTOTYPES = YES;
				CLANG_WARN_SUSPICIOUS_MOVE = YES;
				CLANG_WARN_UNGUARDED_AVAILABILITY = YES_AGGRESSIVE;
				CLANG_WARN_UNREACHABLE_CODE = YES;
				CLANG_WARN__DUPLICATE_METHOD_MATCH = YES;
				COPY_PHASE_STRIP = NO;
				DEBUG_INFORMATION_FORMAT = "dwarf-with-dsym";
				ENABLE_NS_ASSERTIONS = NO;
				ENABLE_STRICT_OBJC_MSGSEND = YES;
				ENABLE_USER_SCRIPT_SANDBOXING = YES;
				GCC_C_LANGUAGE_STANDARD = gnu17;
				GCC_NO_COMMON_BLOCKS = YES;
				GCC_WARN_64_TO_32_BIT_CONVERSION = YES;
				GCC_WARN_ABOUT_RETURN_TYPE = YES_ERROR;
				GCC_WARN_UNDECLARED_SELECTOR = YES;
				GCC_WARN_UNINITIALIZED_AUTOS = YES_AGGRESSIVE;
				GCC_WARN_UNUSED_FUNCTION = YES;
				GCC_WARN_UNUSED_VARIABLE = YES;
				IPHONEOS_DEPLOYMENT_TARGET = 18.1;
				LOCALIZATION_PREFERS_STRING_CATALOGS = YES;
				MTL_ENABLE_DEBUG_INFO = NO;
				MTL_FAST_MATH = YES;
				SDKROOT = iphoneos;
				SWIFT_COMPILATION_MODE = wholemodule;
				VALIDATE_PRODUCT = YES;
			};
			name = Release;
		};
		A7179E1D2DAE236D006A3B56 /* Debug */ = {
			isa = XCBuildConfiguration;
			buildSettings = {
				ASSETCATALOG_COMPILER_APPICON_NAME = AppIcon;
				ASSETCATALOG_COMPILER_GLOBAL_ACCENT_COLOR_NAME = AccentColor;
				ASSETCATALOG_COMPILER_INCLUDE_ALL_APPICON_ASSETS = YES;
				CODE_SIGN_ENTITLEMENTS = CardioCompanionApp/CardioCompanionApp.entitlements;
				CODE_SIGN_STYLE = Automatic;
				CURRENT_PROJECT_VERSION = 1;
				DEVELOPMENT_ASSET_PATHS = "\"CardioCompanionApp/Preview Content\"";
				DEVELOPMENT_TEAM = 5MFCUG2773;
				ENABLE_PREVIEWS = YES;
				GENERATE_INFOPLIST_FILE = YES;
				INFOPLIST_FILE = CardioCompanionApp/Info.plist;
				INFOPLIST_KEY_NSCalendarsUsageDescription = "We need access to your calendar to add your medical appointments.";
				INFOPLIST_KEY_NSFaceIDUsageDescription = "We use Face ID to securely log you in and protect your health data.";
				INFOPLIST_KEY_NSHealthShareUsageDescription = "CardioCompanion needs access to read your health data to track your heart health progress over time.";
				INFOPLIST_KEY_NSHealthUpdateUsageDescription = "CardioCompanion needs access to save your vital readings (heart rate, blood pressure, and oxygen levels) to help you monitor your heart health.";
				INFOPLIST_KEY_NSLocationAlwaysAndWhenInUseUsageDescription = "We need your location to find the nearest cardiac centers and provide directions.";
				INFOPLIST_KEY_NSLocationWhenInUseUsageDescription = "We need your location to find the nearest cardiac centers.";
				INFOPLIST_KEY_NSSiriUsageDescription = "CardioCompanion needs Siri access to help you schedule appointments with your doctor.";
				INFOPLIST_KEY_UIApplicationSupportsIndirectInputEvents = YES;
				INFOPLIST_KEY_UILaunchScreen_Generation = YES;
				INFOPLIST_KEY_UISupportedInterfaceOrientations_iPad = "UIInterfaceOrientationPortrait UIInterfaceOrientationPortraitUpsideDown UIInterfaceOrientationLandscapeLeft UIInterfaceOrientationLandscapeRight";
				INFOPLIST_KEY_UISupportedInterfaceOrientations_iPhone = "UIInterfaceOrientationPortrait UIInterfaceOrientationLandscapeLeft UIInterfaceOrientationLandscapeRight";
				LD_RUNPATH_SEARCH_PATHS = (
					"$(inherited)",
					"@executable_path/Frameworks",
				);
				MARKETING_VERSION = 1.0;
				PRODUCT_BUNDLE_IDENTIFIER = bhanuka.CardioCompanionApp;
				PRODUCT_NAME = "$(TARGET_NAME)";
				SWIFT_EMIT_LOC_STRINGS = YES;
				SWIFT_VERSION = 5.0;
				TARGETED_DEVICE_FAMILY = "1,2";
			};
			name = Debug;
		};
		A7179E1E2DAE236D006A3B56 /* Release */ = {
			isa = XCBuildConfiguration;
			buildSettings = {
				ASSETCATALOG_COMPILER_APPICON_NAME = AppIcon;
				ASSETCATALOG_COMPILER_GLOBAL_ACCENT_COLOR_NAME = AccentColor;
				ASSETCATALOG_COMPILER_INCLUDE_ALL_APPICON_ASSETS = YES;
				CODE_SIGN_ENTITLEMENTS = CardioCompanionApp/CardioCompanionApp.entitlements;
				CODE_SIGN_STYLE = Automatic;
				CURRENT_PROJECT_VERSION = 1;
				DEVELOPMENT_ASSET_PATHS = "\"CardioCompanionApp/Preview Content\"";
				DEVELOPMENT_TEAM = 5MFCUG2773;
				ENABLE_PREVIEWS = YES;
				GENERATE_INFOPLIST_FILE = YES;
				INFOPLIST_FILE = CardioCompanionApp/Info.plist;
				INFOPLIST_KEY_NSCalendarsUsageDescription = "We need access to your calendar to add your medical appointments.";
				INFOPLIST_KEY_NSFaceIDUsageDescription = "We use Face ID to securely log you in and protect your health data.";
				INFOPLIST_KEY_NSHealthShareUsageDescription = "CardioCompanion needs access to read your health data to track your heart health progress over time.";
				INFOPLIST_KEY_NSHealthUpdateUsageDescription = "CardioCompanion needs access to save your vital readings (heart rate, blood pressure, and oxygen levels) to help you monitor your heart health.";
				INFOPLIST_KEY_NSLocationAlwaysAndWhenInUseUsageDescription = "We need your location to find the nearest cardiac centers and provide directions.";
				INFOPLIST_KEY_NSLocationWhenInUseUsageDescription = "We need your location to find the nearest cardiac centers.";
				INFOPLIST_KEY_NSSiriUsageDescription = "CardioCompanion needs Siri access to help you schedule appointments with your doctor.";
				INFOPLIST_KEY_UIApplicationSupportsIndirectInputEvents = YES;
				INFOPLIST_KEY_UILaunchScreen_Generation = YES;
				INFOPLIST_KEY_UISupportedInterfaceOrientations_iPad = "UIInterfaceOrientationPortrait UIInterfaceOrientationPortraitUpsideDown UIInterfaceOrientationLandscapeLeft UIInterfaceOrientationLandscapeRight";
				INFOPLIST_KEY_UISupportedInterfaceOrientations_iPhone = "UIInterfaceOrientationPortrait UIInterfaceOrientationLandscapeLeft UIInterfaceOrientationLandscapeRight";
				LD_RUNPATH_SEARCH_PATHS = (
					"$(inherited)",
					"@executable_path/Frameworks",
				);
				MARKETING_VERSION = 1.0;
				PRODUCT_BUNDLE_IDENTIFIER = bhanuka.CardioCompanionApp;
				PRODUCT_NAME = "$(TARGET_NAME)";
				SWIFT_EMIT_LOC_STRINGS = YES;
				SWIFT_VERSION = 5.0;
				TARGETED_DEVICE_FAMILY = "1,2";
			};
			name = Release;
		};
		A74D6F6D2DBBD15000BD7370 /* Debug */ = {
			isa = XCBuildConfiguration;
			buildSettings = {
				CODE_SIGN_ENTITLEMENTS = CreateAppointmentIntentUI/CreateAppointmentIntentUI.entitlements;
				CODE_SIGN_STYLE = Automatic;
				CURRENT_PROJECT_VERSION = 1;
				DEVELOPMENT_TEAM = 5MFCUG2773;
				GENERATE_INFOPLIST_FILE = YES;
				INFOPLIST_FILE = CreateAppointmentIntentUI/Info.plist;
				INFOPLIST_KEY_CFBundleDisplayName = CreateAppointmentIntentUI;
				INFOPLIST_KEY_NSHumanReadableCopyright = "";
				LD_RUNPATH_SEARCH_PATHS = (
					"$(inherited)",
					"@executable_path/Frameworks",
					"@executable_path/../../Frameworks",
				);
				MARKETING_VERSION = 1.0;
				PRODUCT_BUNDLE_IDENTIFIER = bhanuka.CardioCompanionApp.CreateAppointmentIntentUI;
				PRODUCT_NAME = "$(TARGET_NAME)";
				SKIP_INSTALL = YES;
				SWIFT_EMIT_LOC_STRINGS = YES;
				SWIFT_VERSION = 5.0;
				TARGETED_DEVICE_FAMILY = "1,2";
			};
			name = Debug;
		};
		A74D6F6E2DBBD15000BD7370 /* Release */ = {
			isa = XCBuildConfiguration;
			buildSettings = {
				CODE_SIGN_ENTITLEMENTS = CreateAppointmentIntentUI/CreateAppointmentIntentUI.entitlements;
				CODE_SIGN_STYLE = Automatic;
				CURRENT_PROJECT_VERSION = 1;
				DEVELOPMENT_TEAM = 5MFCUG2773;
				GENERATE_INFOPLIST_FILE = YES;
				INFOPLIST_FILE = CreateAppointmentIntentUI/Info.plist;
				INFOPLIST_KEY_CFBundleDisplayName = CreateAppointmentIntentUI;
				INFOPLIST_KEY_NSHumanReadableCopyright = "";
				LD_RUNPATH_SEARCH_PATHS = (
					"$(inherited)",
					"@executable_path/Frameworks",
					"@executable_path/../../Frameworks",
				);
				MARKETING_VERSION = 1.0;
				PRODUCT_BUNDLE_IDENTIFIER = bhanuka.CardioCompanionApp.CreateAppointmentIntentUI;
				PRODUCT_NAME = "$(TARGET_NAME)";
				SKIP_INSTALL = YES;
				SWIFT_EMIT_LOC_STRINGS = YES;
				SWIFT_VERSION = 5.0;
				TARGETED_DEVICE_FAMILY = "1,2";
			};
			name = Release;
		};
		A74D6F712DBBD15000BD7370 /* Debug */ = {
			isa = XCBuildConfiguration;
			buildSettings = {
				CODE_SIGN_ENTITLEMENTS = CreateAppointmentIntent/CreateAppointmentIntent.entitlements;
				CODE_SIGN_STYLE = Automatic;
				CURRENT_PROJECT_VERSION = 1;
				DEVELOPMENT_TEAM = 5MFCUG2773;
				GENERATE_INFOPLIST_FILE = YES;
				INFOPLIST_FILE = CreateAppointmentIntent/Info.plist;
				INFOPLIST_KEY_CFBundleDisplayName = CreateAppointmentIntent;
				INFOPLIST_KEY_NSHumanReadableCopyright = "";
				LD_RUNPATH_SEARCH_PATHS = (
					"$(inherited)",
					"@executable_path/Frameworks",
					"@executable_path/../../Frameworks",
				);
				MARKETING_VERSION = 1.0;
				PRODUCT_BUNDLE_IDENTIFIER = bhanuka.CardioCompanionApp.CreateAppointmentIntent;
				PRODUCT_NAME = "$(TARGET_NAME)";
				SKIP_INSTALL = YES;
				SWIFT_EMIT_LOC_STRINGS = YES;
				SWIFT_VERSION = 5.0;
				TARGETED_DEVICE_FAMILY = "1,2";
			};
			name = Debug;
		};
		A74D6F722DBBD15000BD7370 /* Release */ = {
			isa = XCBuildConfiguration;
			buildSettings = {
				CODE_SIGN_ENTITLEMENTS = CreateAppointmentIntent/CreateAppointmentIntent.entitlements;
				CODE_SIGN_STYLE = Automatic;
				CURRENT_PROJECT_VERSION = 1;
				DEVELOPMENT_TEAM = 5MFCUG2773;
				GENERATE_INFOPLIST_FILE = YES;
				INFOPLIST_FILE = CreateAppointmentIntent/Info.plist;
				INFOPLIST_KEY_CFBundleDisplayName = CreateAppointmentIntent;
				INFOPLIST_KEY_NSHumanReadableCopyright = "";
				LD_RUNPATH_SEARCH_PATHS = (
					"$(inherited)",
					"@executable_path/Frameworks",
					"@executable_path/../../Frameworks",
				);
				MARKETING_VERSION = 1.0;
				PRODUCT_BUNDLE_IDENTIFIER = bhanuka.CardioCompanionApp.CreateAppointmentIntent;
				PRODUCT_NAME = "$(TARGET_NAME)";
				SKIP_INSTALL = YES;
				SWIFT_EMIT_LOC_STRINGS = YES;
				SWIFT_VERSION = 5.0;
				TARGETED_DEVICE_FAMILY = "1,2";
			};
			name = Release;
		};
		A7A8DCD32DBC117E00248789 /* Debug */ = {
			isa = XCBuildConfiguration;
			buildSettings = {
				BUNDLE_LOADER = "$(TEST_HOST)";
				CODE_SIGN_STYLE = Automatic;
				CURRENT_PROJECT_VERSION = 1;
				DEVELOPMENT_TEAM = 5MFCUG2773;
				GENERATE_INFOPLIST_FILE = YES;
				MARKETING_VERSION = 1.0;
				PRODUCT_BUNDLE_IDENTIFIER = bhanuka.CardioCompanionAppTests;
				PRODUCT_NAME = "$(TARGET_NAME)";
				SWIFT_EMIT_LOC_STRINGS = NO;
				SWIFT_VERSION = 5.0;
				TARGETED_DEVICE_FAMILY = "1,2";
				TEST_HOST = "$(BUILT_PRODUCTS_DIR)/CardioCompanionApp.app/$(BUNDLE_EXECUTABLE_FOLDER_PATH)/CardioCompanionApp";
			};
			name = Debug;
		};
		A7A8DCD42DBC117E00248789 /* Release */ = {
			isa = XCBuildConfiguration;
			buildSettings = {
				BUNDLE_LOADER = "$(TEST_HOST)";
				CODE_SIGN_STYLE = Automatic;
				CURRENT_PROJECT_VERSION = 1;
				DEVELOPMENT_TEAM = 5MFCUG2773;
				GENERATE_INFOPLIST_FILE = YES;
				MARKETING_VERSION = 1.0;
				PRODUCT_BUNDLE_IDENTIFIER = bhanuka.CardioCompanionAppTests;
				PRODUCT_NAME = "$(TARGET_NAME)";
				SWIFT_EMIT_LOC_STRINGS = NO;
				SWIFT_VERSION = 5.0;
				TARGETED_DEVICE_FAMILY = "1,2";
				TEST_HOST = "$(BUILT_PRODUCTS_DIR)/CardioCompanionApp.app/$(BUNDLE_EXECUTABLE_FOLDER_PATH)/CardioCompanionApp";
			};
			name = Release;
		};
/* End XCBuildConfiguration section */

/* Begin XCConfigurationList section */
		A7179E042DAE236A006A3B56 /* Build configuration list for PBXProject "CardioCompanionApp" */ = {
			isa = XCConfigurationList;
			buildConfigurations = (
				A7179E1A2DAE236D006A3B56 /* Debug */,
				A7179E1B2DAE236D006A3B56 /* Release */,
			);
			defaultConfigurationIsVisible = 0;
			defaultConfigurationName = Release;
		};
		A7179E1C2DAE236D006A3B56 /* Build configuration list for PBXNativeTarget "CardioCompanionApp" */ = {
			isa = XCConfigurationList;
			buildConfigurations = (
				A7179E1D2DAE236D006A3B56 /* Debug */,
				A7179E1E2DAE236D006A3B56 /* Release */,
			);
			defaultConfigurationIsVisible = 0;
			defaultConfigurationName = Release;
		};
		A74D6F6C2DBBD15000BD7370 /* Build configuration list for PBXNativeTarget "CreateAppointmentIntentUI" */ = {
			isa = XCConfigurationList;
			buildConfigurations = (
				A74D6F6D2DBBD15000BD7370 /* Debug */,
				A74D6F6E2DBBD15000BD7370 /* Release */,
			);
			defaultConfigurationIsVisible = 0;
			defaultConfigurationName = Release;
		};
		A74D6F702DBBD15000BD7370 /* Build configuration list for PBXNativeTarget "CreateAppointmentIntent" */ = {
			isa = XCConfigurationList;
			buildConfigurations = (
				A74D6F712DBBD15000BD7370 /* Debug */,
				A74D6F722DBBD15000BD7370 /* Release */,
			);
			defaultConfigurationIsVisible = 0;
			defaultConfigurationName = Release;
		};
		A7A8DCD22DBC117E00248789 /* Build configuration list for PBXNativeTarget "CardioCompanionAppTests" */ = {
			isa = XCConfigurationList;
			buildConfigurations = (
				A7A8DCD32DBC117E00248789 /* Debug */,
				A7A8DCD42DBC117E00248789 /* Release */,
			);
			defaultConfigurationIsVisible = 0;
			defaultConfigurationName = Release;
		};
/* End XCConfigurationList section */
	};
	rootObject = A7179E012DAE236A006A3B56 /* Project object */;
}
